
Microsoft Visual Studio Solution File, Format Version 12.00
# Visual Studio Version 17
VisualStudioVersion = 17.11.35327.3
MinimumVisualStudioVersion = 10.0.40219.1
Project("{FAE04EC0-301F-11D3-BF4B-00C04F79EFBC}") = "SimpleNotifications", "SimpleNotifications.csproj", "{A193F961-225E-42F6-B995-F0DC8E22B572}"
EndProject
Global
	GlobalSection(SolutionConfigurationPlatforms) = preSolution
		Debug|Any CPU = Debug|Any CPU
		Release|Any CPU = Release|Any CPU
	EndGlobalSection
	GlobalSection(ProjectConfigurationPlatforms) = postSolution
		{A193F961-225E-42F6-B995-F0DC8E22B572}.Debug|Any CPU.ActiveCfg = Debug|Any CPU
		{A193F961-225E-42F6-B995-F0DC8E22B572}.Debug|Any CPU.Build.0 = Debug|Any CPU
		{A193F961-225E-42F6-B995-F0DC8E22B572}.Release|Any CPU.ActiveCfg = Release|Any CPU
		{A193F961-225E-42F6-B995-F0DC8E22B572}.Release|Any CPU.Build.0 = Release|Any CPU
	EndGlobalSection
	GlobalSection(SolutionProperties) = preSolution
		HideSolutionNode = FALSE
	EndGlobalSection
	GlobalSection(ExtensibilityGlobals) = postSolution
		SolutionGuid = {AF92D700-45C8-4A1B-8F74-FA10F0EDADA1}
	EndGlobalSection
EndGlobal
